// !$*UTF8*$!
{
	archiveVersion = 1;
	classes = {
	};
	objectVersion = 46;
	objects = {

/* Begin PBXBuildFile section */
		61E81A9F1E9FFEA100FE6FF1 /* AppDelegate.swift in Sources */ = {isa = PBXBuildFile; fileRef = 61E81A9E1E9FFEA100FE6FF1 /* AppDelegate.swift */; };
		61E81AA71E9FFEA100FE6FF1 /* Reminder.xcdatamodeld in Sources */ = {isa = PBXBuildFile; fileRef = 61E81AA51E9FFEA100FE6FF1 /* Reminder.xcdatamodeld */; };
		61E81AA91E9FFEA100FE6FF1 /* Assets.xcassets in Resources */ = {isa = PBXBuildFile; fileRef = 61E81AA81E9FFEA100FE6FF1 /* Assets.xcassets */; };
		61E81AAC1E9FFEA100FE6FF1 /* LaunchScreen.storyboard in Resources */ = {isa = PBXBuildFile; fileRef = 61E81AAA1E9FFEA100FE6FF1 /* LaunchScreen.storyboard */; };
		61E81AB71E9FFEA100FE6FF1 /* ReminderTests.swift in Sources */ = {isa = PBXBuildFile; fileRef = 61E81AB61E9FFEA100FE6FF1 /* ReminderTests.swift */; };
		61E81AC21E9FFEA100FE6FF1 /* ReminderUITests.swift in Sources */ = {isa = PBXBuildFile; fileRef = 61E81AC11E9FFEA100FE6FF1 /* ReminderUITests.swift */; };
		61E81AD01EA0CB6B00FE6FF1 /* TableViewController.swift in Sources */ = {isa = PBXBuildFile; fileRef = 61E81ACF1EA0CB6B00FE6FF1 /* TableViewController.swift */; };
		61E81AD21EA0CB9600FE6FF1 /* AddViewController.swift in Sources */ = {isa = PBXBuildFile; fileRef = 61E81AD11EA0CB9600FE6FF1 /* AddViewController.swift */; };
		61E81AD61EA0DBF700FE6FF1 /* ToDoItem.swift in Sources */ = {isa = PBXBuildFile; fileRef = 61E81AD51EA0DBF700FE6FF1 /* ToDoItem.swift */; };
		61E81AD91EA0E4A500FE6FF1 /* Main.storyboard in Resources */ = {isa = PBXBuildFile; fileRef = 61E81AD71EA0E4A500FE6FF1 /* Main.storyboard */; };
/* End PBXBuildFile section */

/* Begin PBXContainerItemProxy section */
		61E81AB31E9FFEA100FE6FF1 /* PBXContainerItemProxy */ = {
			isa = PBXContainerItemProxy;
			containerPortal = 61E81A931E9FFEA100FE6FF1 /* Project object */;
			proxyType = 1;
			remoteGlobalIDString = 61E81A9A1E9FFEA100FE6FF1;
			remoteInfo = Reminder;
		};
		61E81ABE1E9FFEA100FE6FF1 /* PBXContainerItemProxy */ = {
			isa = PBXContainerItemProxy;
			containerPortal = 61E81A931E9FFEA100FE6FF1 /* Project object */;
			proxyType = 1;
			remoteGlobalIDString = 61E81A9A1E9FFEA100FE6FF1;
			remoteInfo = Reminder;
		};
/* End PBXContainerItemProxy section */

/* Begin PBXFileReference section */
		61E81A9B1E9FFEA100FE6FF1 /* Reminder.app */ = {isa = PBXFileReference; explicitFileType = wrapper.application; includeInIndex = 0; path = Reminder.app; sourceTree = BUILT_PRODUCTS_DIR; };
		61E81A9E1E9FFEA100FE6FF1 /* AppDelegate.swift */ = {isa = PBXFileReference; lastKnownFileType = sourcecode.swift; path = AppDelegate.swift; sourceTree = "<group>"; };
		61E81AA61E9FFEA100FE6FF1 /* Reminder.xcdatamodel */ = {isa = PBXFileReference; lastKnownFileType = wrapper.xcdatamodel; path = Reminder.xcdatamodel; sourceTree = "<group>"; };
		61E81AA81E9FFEA100FE6FF1 /* Assets.xcassets */ = {isa = PBXFileReference; lastKnownFileType = folder.assetcatalog; path = Assets.xcassets; sourceTree = "<group>"; };
		61E81AAB1E9FFEA100FE6FF1 /* Base */ = {isa = PBXFileReference; lastKnownFileType = file.storyboard; name = Base; path = Base.lproj/LaunchScreen.storyboard; sourceTree = "<group>"; };
		61E81AAD1E9FFEA100FE6FF1 /* Info.plist */ = {isa = PBXFileReference; lastKnownFileType = text.plist.xml; path = Info.plist; sourceTree = "<group>"; };
		61E81AB21E9FFEA100FE6FF1 /* ReminderTests.xctest */ = {isa = PBXFileReference; explicitFileType = wrapper.cfbundle; includeInIndex = 0; path = ReminderTests.xctest; sourceTree = BUILT_PRODUCTS_DIR; };
		61E81AB61E9FFEA100FE6FF1 /* ReminderTests.swift */ = {isa = PBXFileReference; lastKnownFileType = sourcecode.swift; path = ReminderTests.swift; sourceTree = "<group>"; };
		61E81AB81E9FFEA100FE6FF1 /* Info.plist */ = {isa = PBXFileReference; lastKnownFileType = text.plist.xml; path = Info.plist; sourceTree = "<group>"; };
		61E81ABD1E9FFEA100FE6FF1 /* ReminderUITests.xctest */ = {isa = PBXFileReference; explicitFileType = wrapper.cfbundle; includeInIndex = 0; path = ReminderUITests.xctest; sourceTree = BUILT_PRODUCTS_DIR; };
		61E81AC11E9FFEA100FE6FF1 /* ReminderUITests.swift */ = {isa = PBXFileReference; lastKnownFileType = sourcecode.swift; path = ReminderUITests.swift; sourceTree = "<group>"; };
		61E81AC31E9FFEA100FE6FF1 /* Info.plist */ = {isa = PBXFileReference; lastKnownFileType = text.plist.xml; path = Info.plist; sourceTree = "<group>"; };
		61E81ACF1EA0CB6B00FE6FF1 /* TableViewController.swift */ = {isa = PBXFileReference; fileEncoding = 4; lastKnownFileType = sourcecode.swift; path = TableViewController.swift; sourceTree = "<group>"; };
		61E81AD11EA0CB9600FE6FF1 /* AddViewController.swift */ = {isa = PBXFileReference; fileEncoding = 4; lastKnownFileType = sourcecode.swift; path = AddViewController.swift; sourceTree = "<group>"; };
		61E81AD51EA0DBF700FE6FF1 /* ToDoItem.swift */ = {isa = PBXFileReference; fileEncoding = 4; lastKnownFileType = sourcecode.swift; path = ToDoItem.swift; sourceTree = "<group>"; };
		61E81AD81EA0E4A500FE6FF1 /* Base */ = {isa = PBXFileReference; lastKnownFileType = file.storyboard; name = Base; path = Base.lproj/Main.storyboard; sourceTree = "<group>"; };
/* End PBXFileReference section */

/* Begin PBXFrameworksBuildPhase section */
		61E81A981E9FFEA100FE6FF1 /* Frameworks */ = {
			isa = PBXFrameworksBuildPhase;
			buildActionMask = 2147483647;
			files = (
			);
			runOnlyForDeploymentPostprocessing = 0;
		};
		61E81AAF1E9FFEA100FE6FF1 /* Frameworks */ = {
			isa = PBXFrameworksBuildPhase;
			buildActionMask = 2147483647;
			files = (
			);
			runOnlyForDeploymentPostprocessing = 0;
		};
		61E81ABA1E9FFEA100FE6FF1 /* Frameworks */ = {
			isa = PBXFrameworksBuildPhase;
			buildActionMask = 2147483647;
			files = (
			);
			runOnlyForDeploymentPostprocessing = 0;
		};
/* End PBXFrameworksBuildPhase section */

/* Begin PBXGroup section */
		61E81A921E9FFEA100FE6FF1 = {
			isa = PBXGroup;
			children = (
				61E81A9D1E9FFEA100FE6FF1 /* Reminder */,
				61E81AB51E9FFEA100FE6FF1 /* ReminderTests */,
				61E81AC01E9FFEA100FE6FF1 /* ReminderUITests */,
				61E81A9C1E9FFEA100FE6FF1 /* Products */,
			);
			sourceTree = "<group>";
		};
		61E81A9C1E9FFEA100FE6FF1 /* Products */ = {
			isa = PBXGroup;
			children = (
				61E81A9B1E9FFEA100FE6FF1 /* Reminder.app */,
				61E81AB21E9FFEA100FE6FF1 /* ReminderTests.xctest */,
				61E81ABD1E9FFEA100FE6FF1 /* ReminderUITests.xctest */,
			);
			name = Products;
			sourceTree = "<group>";
		};
		61E81A9D1E9FFEA100FE6FF1 /* Reminder */ = {
			isa = PBXGroup;
			children = (
				61E81A9E1E9FFEA100FE6FF1 /* AppDelegate.swift */,
				61E81AD11EA0CB9600FE6FF1 /* AddViewController.swift */,
				61E81ACF1EA0CB6B00FE6FF1 /* TableViewController.swift */,
				61E81AD51EA0DBF700FE6FF1 /* ToDoItem.swift */,
				61E81AA81E9FFEA100FE6FF1 /* Assets.xcassets */,
				61E81AD71EA0E4A500FE6FF1 /* Main.storyboard */,
				61E81AAA1E9FFEA100FE6FF1 /* LaunchScreen.storyboard */,
				61E81AAD1E9FFEA100FE6FF1 /* Info.plist */,
				61E81AA51E9FFEA100FE6FF1 /* Reminder.xcdatamodeld */,
			);
			path = Reminder;
			sourceTree = "<group>";
		};
		61E81AB51E9FFEA100FE6FF1 /* ReminderTests */ = {
			isa = PBXGroup;
			children = (
				61E81AB61E9FFEA100FE6FF1 /* ReminderTests.swift */,
				61E81AB81E9FFEA100FE6FF1 /* Info.plist */,
			);
			path = ReminderTests;
			sourceTree = "<group>";
		};
		61E81AC01E9FFEA100FE6FF1 /* ReminderUITests */ = {
			isa = PBXGroup;
			children = (
				61E81AC11E9FFEA100FE6FF1 /* ReminderUITests.swift */,
				61E81AC31E9FFEA100FE6FF1 /* Info.plist */,
			);
			path = ReminderUITests;
			sourceTree = "<group>";
		};
/* End PBXGroup section */

/* Begin PBXNativeTarget section */
		61E81A9A1E9FFEA100FE6FF1 /* Reminder */ = {
			isa = PBXNativeTarget;
			buildConfigurationList = 61E81AC61E9FFEA100FE6FF1 /* Build configuration list for PBXNativeTarget "Reminder" */;
			buildPhases = (
				61E81A971E9FFEA100FE6FF1 /* Sources */,
				61E81A981E9FFEA100FE6FF1 /* Frameworks */,
				61E81A991E9FFEA100FE6FF1 /* Resources */,
			);
			buildRules = (
			);
			dependencies = (
			);
			name = Reminder;
			productName = Reminder;
			productReference = 61E81A9B1E9FFEA100FE6FF1 /* Reminder.app */;
			productType = "com.apple.product-type.application";
		};
		61E81AB11E9FFEA100FE6FF1 /* ReminderTests */ = {
			isa = PBXNativeTarget;
			buildConfigurationList = 61E81AC91E9FFEA100FE6FF1 /* Build configuration list for PBXNativeTarget "ReminderTests" */;
			buildPhases = (
				61E81AAE1E9FFEA100FE6FF1 /* Sources */,
				61E81AAF1E9FFEA100FE6FF1 /* Frameworks */,
				61E81AB01E9FFEA100FE6FF1 /* Resources */,
			);
			buildRules = (
			);
			dependencies = (
				61E81AB41E9FFEA100FE6FF1 /* PBXTargetDependency */,
			);
			name = ReminderTests;
			productName = ReminderTests;
			productReference = 61E81AB21E9FFEA100FE6FF1 /* ReminderTests.xctest */;
			productType = "com.apple.product-type.bundle.unit-test";
		};
		61E81ABC1E9FFEA100FE6FF1 /* ReminderUITests */ = {
			isa = PBXNativeTarget;
			buildConfigurationList = 61E81ACC1E9FFEA100FE6FF1 /* Build configuration list for PBXNativeTarget "ReminderUITests" */;
			buildPhases = (
				61E81AB91E9FFEA100FE6FF1 /* Sources */,
				61E81ABA1E9FFEA100FE6FF1 /* Frameworks */,
				61E81ABB1E9FFEA100FE6FF1 /* Resources */,
			);
			buildRules = (
			);
			dependencies = (
				61E81ABF1E9FFEA100FE6FF1 /* PBXTargetDependency */,
			);
			name = ReminderUITests;
			productName = ReminderUITests;
			productReference = 61E81ABD1E9FFEA100FE6FF1 /* ReminderUITests.xctest */;
			productType = "com.apple.product-type.bundle.ui-testing";
		};
/* End PBXNativeTarget section */

/* Begin PBXProject section */
		61E81A931E9FFEA100FE6FF1 /* Project object */ = {
			isa = PBXProject;
			attributes = {
				LastSwiftUpdateCheck = 0820;
				LastUpgradeCheck = 0820;
				ORGANIZATIONNAME = "Mateusz Potasnik";
				TargetAttributes = {
					61E81A9A1E9FFEA100FE6FF1 = {
						CreatedOnToolsVersion = 8.2.1;
						DevelopmentTeam = BETW692PX8;
						ProvisioningStyle = Automatic;
					};
					61E81AB11E9FFEA100FE6FF1 = {
						CreatedOnToolsVersion = 8.2.1;
						DevelopmentTeam = BETW692PX8;
						ProvisioningStyle = Automatic;
						TestTargetID = 61E81A9A1E9FFEA100FE6FF1;
					};
					61E81ABC1E9FFEA100FE6FF1 = {
						CreatedOnToolsVersion = 8.2.1;
						DevelopmentTeam = BETW692PX8;
						ProvisioningStyle = Automatic;
						TestTargetID = 61E81A9A1E9FFEA100FE6FF1;
					};
				};
			};
			buildConfigurationList = 61E81A961E9FFEA100FE6FF1 /* Build configuration list for PBXProject "Reminder" */;
			compatibilityVersion = "Xcode 3.2";
			developmentRegion = English;
			hasScannedForEncodings = 0;
			knownRegions = (
				en,
				Base,
			);
			mainGroup = 61E81A921E9FFEA100FE6FF1;
			productRefGroup = 61E81A9C1E9FFEA100FE6FF1 /* Products */;
			projectDirPath = "";
			projectRoot = "";
			targets = (
				61E81A9A1E9FFEA100FE6FF1 /* Reminder */,
				61E81AB11E9FFEA100FE6FF1 /* ReminderTests */,
				61E81ABC1E9FFEA100FE6FF1 /* ReminderUITests */,
			);
		};
/* End PBXProject section */

/* Begin PBXResourcesBuildPhase section */
		61E81A991E9FFEA100FE6FF1 /* Resources */ = {
			isa = PBXResourcesBuildPhase;
			buildActionMask = 2147483647;
			files = (
				61E81AD91EA0E4A500FE6FF1 /* Main.storyboard in Resources */,
				61E81AAC1E9FFEA100FE6FF1 /* LaunchScreen.storyboard in Resources */,
				61E81AA91E9FFEA100FE6FF1 /* Assets.xcassets in Resources */,
			);
			runOnlyForDeploymentPostprocessing = 0;
		};
		61E81AB01E9FFEA100FE6FF1 /* Resources */ = {
			isa = PBXResourcesBuildPhase;
			buildActionMask = 2147483647;
			files = (
			);
			runOnlyForDeploymentPostprocessing = 0;
		};
		61E81ABB1E9FFEA100FE6FF1 /* Resources */ = {
			isa = PBXResourcesBuildPhase;
			buildActionMask = 2147483647;
			files = (
			);
			runOnlyForDeploymentPostprocessing = 0;
		};
/* End PBXResourcesBuildPhase section */

/* Begin PBXSourcesBuildPhase section */
		61E81A971E9FFEA100FE6FF1 /* Sources */ = {
			isa = PBXSourcesBuildPhase;
			buildActionMask = 2147483647;
			files = (
				61E81A9F1E9FFEA100FE6FF1 /* AppDelegate.swift in Sources */,
				61E81AD01EA0CB6B00FE6FF1 /* TableViewController.swift in Sources */,
				61E81AD61EA0DBF700FE6FF1 /* ToDoItem.swift in Sources */,
				61E81AD21EA0CB9600FE6FF1 /* AddViewController.swift in Sources */,
				61E81AA71E9FFEA100FE6FF1 /* Reminder.xcdatamodeld in Sources */,
			);
			runOnlyForDeploymentPostprocessing = 0;
		};
		61E81AAE1E9FFEA100FE6FF1 /* Sources */ = {
			isa = PBXSourcesBuildPhase;
			buildActionMask = 2147483647;
			files = (
				61E81AB71E9FFEA100FE6FF1 /* ReminderTests.swift in Sources */,
			);
			runOnlyForDeploymentPostprocessing = 0;
		};
		61E81AB91E9FFEA100FE6FF1 /* Sources */ = {
			isa = PBXSourcesBuildPhase;
			buildActionMask = 2147483647;
			files = (
				61E81AC21E9FFEA100FE6FF1 /* ReminderUITests.swift in Sources */,
			);
			runOnlyForDeploymentPostprocessing = 0;
		};
/* End PBXSourcesBuildPhase section */

/* Begin PBXTargetDependency section */
		61E81AB41E9FFEA100FE6FF1 /* PBXTargetDependency */ = {
			isa = PBXTargetDependency;
			target = 61E81A9A1E9FFEA100FE6FF1 /* Reminder */;
			targetProxy = 61E81AB31E9FFEA100FE6FF1 /* PBXContainerItemProxy */;
		};
		61E81ABF1E9FFEA100FE6FF1 /* PBXTargetDependency */ = {
			isa = PBXTargetDependency;
			target = 61E81A9A1E9FFEA100FE6FF1 /* Reminder */;
			targetProxy = 61E81ABE1E9FFEA100FE6FF1 /* PBXContainerItemProxy */;
		};
/* End PBXTargetDependency section */

/* Begin PBXVariantGroup section */
		61E81AAA1E9FFEA100FE6FF1 /* LaunchScreen.storyboard */ = {
			isa = PBXVariantGroup;
			children = (
				61E81AAB1E9FFEA100FE6FF1 /* Base */,
			);
			name = LaunchScreen.storyboard;
			sourceTree = "<group>";
		};
		61E81AD71EA0E4A500FE6FF1 /* Main.storyboard */ = {
			isa = PBXVariantGroup;
			children = (
				61E81AD81EA0E4A500FE6FF1 /* Base */,
			);
			name = Main.storyboard;
			sourceTree = "<group>";
		};
/* End PBXVariantGroup section */

/* Begin XCBuildConfiguration section */
		61E81AC41E9FFEA100FE6FF1 /* Debug */ = {
			isa = XCBuildConfiguration;
			buildSettings = {
				ALWAYS_SEARCH_USER_PATHS = NO;
				CLANG_ANALYZER_NONNULL = YES;
				CLANG_CXX_LANGUAGE_STANDARD = "gnu++0x";
				CLANG_CXX_LIBRARY = "libc++";
				CLANG_ENABLE_MODULES = YES;
				CLANG_ENABLE_OBJC_ARC = YES;
				CLANG_WARN_BOOL_CONVERSION = YES;
				CLANG_WARN_CONSTANT_CONVERSION = YES;
				CLANG_WARN_DIRECT_OBJC_ISA_USAGE = YES_ERROR;
				CLANG_WARN_DOCUMENTATION_COMMENTS = YES;
				CLANG_WARN_EMPTY_BODY = YES;
				CLANG_WARN_ENUM_CONVERSION = YES;
				CLANG_WARN_INFINITE_RECURSION = YES;
				CLANG_WARN_INT_CONVERSION = YES;
				CLANG_WARN_OBJC_ROOT_CLASS = YES_ERROR;
				CLANG_WARN_SUSPICIOUS_MOVE = YES;
				CLANG_WARN_UNREACHABLE_CODE = YES;
				CLANG_WARN__DUPLICATE_METHOD_MATCH = YES;
				"CODE_SIGN_IDENTITY[sdk=iphoneos*]" = "iPhone Developer";
				COPY_PHASE_STRIP = NO;
				DEBUG_INFORMATION_FORMAT = dwarf;
				ENABLE_STRICT_OBJC_MSGSEND = YES;
				ENABLE_TESTABILITY = YES;
				GCC_C_LANGUAGE_STANDARD = gnu99;
				GCC_DYNAMIC_NO_PIC = NO;
				GCC_NO_COMMON_BLOCKS = YES;
				GCC_OPTIMIZATION_LEVEL = 0;
				GCC_PREPROCESSOR_DEFINITIONS = (
					"DEBUG=1",
					"$(inherited)",
				);
				GCC_WARN_64_TO_32_BIT_CONVERSION = YES;
				GCC_WARN_ABOUT_RETURN_TYPE = YES_ERROR;
				GCC_WARN_UNDECLARED_SELECTOR = YES;
				GCC_WARN_UNINITIALIZED_AUTOS = YES_AGGRESSIVE;
				GCC_WARN_UNUSED_FUNCTION = YES;
				GCC_WARN_UNUSED_VARIABLE = YES;
				IPHONEOS_DEPLOYMENT_TARGET = 10.2;
				MTL_ENABLE_DEBUG_INFO = YES;
				ONLY_ACTIVE_ARCH = YES;
				SDKROOT = iphoneos;
				SWIFT_ACTIVE_COMPILATION_CONDITIONS = DEBUG;
				SWIFT_OPTIMIZATION_LEVEL = "-Onone";
			};
			name = Debug;
		};
		61E81AC51E9FFEA100FE6FF1 /* Release */ = {
			isa = XCBuildConfiguration;
			buildSettings = {
				ALWAYS_SEARCH_USER_PATHS = NO;
				CLANG_ANALYZER_NONNULL = YES;
				CLANG_CXX_LANGUAGE_STANDARD = "gnu++0x";
				CLANG_CXX_LIBRARY = "libc++";
				CLANG_ENABLE_MODULES = YES;
				CLANG_ENABLE_OBJC_ARC = YES;
				CLANG_WARN_BOOL_CONVERSION = YES;
				CLANG_WARN_CONSTANT_CONVERSION = YES;
				CLANG_WARN_DIRECT_OBJC_ISA_USAGE = YES_ERROR;
				CLANG_WARN_DOCUMENTATION_COMMENTS = YES;
				CLANG_WARN_EMPTY_BODY = YES;
				CLANG_WARN_ENUM_CONVERSION = YES;
				CLANG_WARN_INFINITE_RECURSION = YES;
				CLANG_WARN_INT_CONVERSION = YES;
				CLANG_WARN_OBJC_ROOT_CLASS = YES_ERROR;
				CLANG_WARN_SUSPICIOUS_MOVE = YES;
				CLANG_WARN_UNREACHABLE_CODE = YES;
				CLANG_WARN__DUPLICATE_METHOD_MATCH = YES;
				"CODE_SIGN_IDENTITY[sdk=iphoneos*]" = "iPhone Developer";
				COPY_PHASE_STRIP = NO;
				DEBUG_INFORMATION_FORMAT = "dwarf-with-dsym";
				ENABLE_NS_ASSERTIONS = NO;
				ENABLE_STRICT_OBJC_MSGSEND = YES;
				GCC_C_LANGUAGE_STANDARD = gnu99;
				GCC_NO_COMMON_BLOCKS = YES;
				GCC_WARN_64_TO_32_BIT_CONVERSION = YES;
				GCC_WARN_ABOUT_RETURN_TYPE = YES_ERROR;
				GCC_WARN_UNDECLARED_SELECTOR = YES;
				GCC_WARN_UNINITIALIZED_AUTOS = YES_AGGRESSIVE;
				GCC_WARN_UNUSED_FUNCTION = YES;
				GCC_WARN_UNUSED_VARIABLE = YES;
				IPHONEOS_DEPLOYMENT_TARGET = 10.2;
				MTL_ENABLE_DEBUG_INFO = NO;
				SDKROOT = iphoneos;
				SWIFT_OPTIMIZATION_LEVEL = "-Owholemodule";
				VALIDATE_PRODUCT = YES;
			};
			name = Release;
		};
		61E81AC71E9FFEA100FE6FF1 /* Debug */ = {
			isa = XCBuildConfiguration;
			buildSettings = {
				ASSETCATALOG_COMPILER_APPICON_NAME = AppIcon;
				DEVELOPMENT_TEAM = BETW692PX8;
				INFOPLIST_FILE = Reminder/Info.plist;
				LD_RUNPATH_SEARCH_PATHS = "$(inherited) @executable_path/Frameworks";
				PRODUCT_BUNDLE_IDENTIFIER = com.mateuszpotasnik.Reminder;
				PRODUCT_NAME = "$(TARGET_NAME)";
				SWIFT_VERSION = 3.0;
			};
			name = Debug;
		};
		61E81AC81E9FFEA100FE6FF1 /* Release */ = {
			isa = XCBuildConfiguration;
			buildSettings = {
				ASSETCATALOG_COMPILER_APPICON_NAME = AppIcon;
				DEVELOPMENT_TEAM = BETW692PX8;
				INFOPLIST_FILE = Reminder/Info.plist;
				LD_RUNPATH_SEARCH_PATHS = "$(inherited) @executable_path/Frameworks";
				PRODUCT_BUNDLE_IDENTIFIER = com.mateuszpotasnik.Reminder;
				PRODUCT_NAME = "$(TARGET_NAME)";
				SWIFT_VERSION = 3.0;
			};
			name = Release;
		};
		61E81ACA1E9FFEA100FE6FF1 /* Debug */ = {
			isa = XCBuildConfiguration;
			buildSettings = {
				ALWAYS_EMBED_SWIFT_STANDARD_LIBRARIES = YES;
				BUNDLE_LOADER = "$(TEST_HOST)";
				DEVELOPMENT_TEAM = BETW692PX8;
				INFOPLIST_FILE = ReminderTests/Info.plist;
				LD_RUNPATH_SEARCH_PATHS = "$(inherited) @executable_path/Frameworks @loader_path/Frameworks";
				PRODUCT_BUNDLE_IDENTIFIER = com.mateuszpotasnik.ReminderTests;
				PRODUCT_NAME = "$(TARGET_NAME)";
				SWIFT_VERSION = 3.0;
				TEST_HOST = "$(BUILT_PRODUCTS_DIR)/Reminder.app/Reminder";
			};
			name = Debug;
		};
		61E81ACB1E9FFEA100FE6FF1 /* Release */ = {
			isa = XCBuildConfiguration;
			buildSettings = {
				ALWAYS_EMBED_SWIFT_STANDARD_LIBRARIES = YES;
				BUNDLE_LOADER = "$(TEST_HOST)";
				DEVELOPMENT_TEAM = BETW692PX8;
				INFOPLIST_FILE = ReminderTests/Info.plist;
				LD_RUNPATH_SEARCH_PATHS = "$(inherited) @executable_path/Frameworks @loader_path/Frameworks";
				PRODUCT_BUNDLE_IDENTIFIER = com.mateuszpotasnik.ReminderTests;
				PRODUCT_NAME = "$(TARGET_NAME)";
				SWIFT_VERSION = 3.0;
				TEST_HOST = "$(BUILT_PRODUCTS_DIR)/Reminder.app/Reminder";
			};
			name = Release;
		};
		61E81ACD1E9FFEA100FE6FF1 /* Debug */ = {
			isa = XCBuildConfiguration;
			buildSettings = {
				ALWAYS_EMBED_SWIFT_STANDARD_LIBRARIES = YES;
				DEVELOPMENT_TEAM = BETW692PX8;
				INFOPLIST_FILE = ReminderUITests/Info.plist;
				LD_RUNPATH_SEARCH_PATHS = "$(inherited) @executable_path/Frameworks @loader_path/Frameworks";
				PRODUCT_BUNDLE_IDENTIFIER = com.mateuszpotasnik.ReminderUITests;
				PRODUCT_NAME = "$(TARGET_NAME)";
				SWIFT_VERSION = 3.0;
				TEST_TARGET_NAME = Reminder;
			};
			name = Debug;
		};
		61E81ACE1E9FFEA100FE6FF1 /* Release */ = {
			isa = XCBuildConfiguration;
			buildSettings = {
				ALWAYS_EMBED_SWIFT_STANDARD_LIBRARIES = YES;
				DEVELOPMENT_TEAM = BETW692PX8;
				INFOPLIST_FILE = ReminderUITests/Info.plist;
				LD_RUNPATH_SEARCH_PATHS = "$(inherited) @executable_path/Frameworks @loader_path/Frameworks";
				PRODUCT_BUNDLE_IDENTIFIER = com.mateuszpotasnik.ReminderUITests;
				PRODUCT_NAME = "$(TARGET_NAME)";
				SWIFT_VERSION = 3.0;
				TEST_TARGET_NAME = Reminder;
			};
			name = Release;
		};
/* End XCBuildConfiguration section */

/* Begin XCConfigurationList section */
		61E81A961E9FFEA100FE6FF1 /* Build configuration list for PBXProject "Reminder" */ = {
			isa = XCConfigurationList;
			buildConfigurations = (
				61E81AC41E9FFEA100FE6FF1 /* Debug */,
				61E81AC51E9FFEA100FE6FF1 /* Release */,
			);
			defaultConfigurationIsVisible = 0;
			defaultConfigurationName = Release;
		};
		61E81AC61E9FFEA100FE6FF1 /* Build configuration list for PBXNativeTarget "Reminder" */ = {
			isa = XCConfigurationList;
			buildConfigurations = (
				61E81AC71E9FFEA100FE6FF1 /* Debug */,
				61E81AC81E9FFEA100FE6FF1 /* Release */,
			);
			defaultConfigurationIsVisible = 0;
			defaultConfigurationName = Release;
		};
		61E81AC91E9FFEA100FE6FF1 /* Build configuration list for PBXNativeTarget "ReminderTests" */ = {
			isa = XCConfigurationList;
			buildConfigurations = (
				61E81ACA1E9FFEA100FE6FF1 /* Debug */,
				61E81ACB1E9FFEA100FE6FF1 /* Release */,
			);
			defaultConfigurationIsVisible = 0;
			defaultConfigurationName = Release;
		};
		61E81ACC1E9FFEA100FE6FF1 /* Build configuration list for PBXNativeTarget "ReminderUITests" */ = {
			isa = XCConfigurationList;
			buildConfigurations = (
				61E81ACD1E9FFEA100FE6FF1 /* Debug */,
				61E81ACE1E9FFEA100FE6FF1 /* Release */,
			);
			defaultConfigurationIsVisible = 0;
			defaultConfigurationName = Release;
		};
/* End XCConfigurationList section */

/* Begin XCVersionGroup section */
		61E81AA51E9FFEA100FE6FF1 /* Reminder.xcdatamodeld */ = {
			isa = XCVersionGroup;
			children = (
				61E81AA61E9FFEA100FE6FF1 /* Reminder.xcdatamodel */,
			);
			currentVersion = 61E81AA61E9FFEA100FE6FF1 /* Reminder.xcdatamodel */;
			path = Reminder.xcdatamodeld;
			sourceTree = "<group>";
			versionGroupType = wrapper.xcdatamodel;
		};
/* End XCVersionGroup section */
	};
	rootObject = 61E81A931E9FFEA100FE6FF1 /* Project object */;
}
